
Microsoft Visual Studio Solution File, Format Version 12.00
# Visual Studio Version 17
VisualStudioVersion = 17.3.32929.385
MinimumVisualStudioVersion = 10.0.40219.1
Project("{FAE04EC0-301F-11D3-BF4B-00C04F79EFBC}") = "InlämningsUppgift1", "InlämningsUppgift1\InlämningsUppgift1.csproj", "{35051142-98FE-44CB-AB4A-DCC5565AD5F0}"
EndProject
Global
	GlobalSection(SolutionConfigurationPlatforms) = preSolution
		Debug|Any CPU = Debug|Any CPU
		Release|Any CPU = Release|Any CPU
	EndGlobalSection
	GlobalSection(ProjectConfigurationPlatforms) = postSolution
		{35051142-98FE-44CB-AB4A-DCC5565AD5F0}.Debug|Any CPU.ActiveCfg = Debug|Any CPU
		{35051142-98FE-44CB-AB4A-DCC5565AD5F0}.Debug|Any CPU.Build.0 = Debug|Any CPU
		{35051142-98FE-44CB-AB4A-DCC5565AD5F0}.Release|Any CPU.ActiveCfg = Release|Any CPU
		{35051142-98FE-44CB-AB4A-DCC5565AD5F0}.Release|Any CPU.Build.0 = Release|Any CPU
	EndGlobalSection
	GlobalSection(SolutionProperties) = preSolution
		HideSolutionNode = FALSE
	EndGlobalSection
	GlobalSection(ExtensibilityGlobals) = postSolution
		SolutionGuid = {6B4A8303-8E77-4FFB-93A6-1DD5BEF166EA}
	EndGlobalSection
EndGlobal
